
Microsoft Visual Studio Solution File, Format Version 12.00
# Visual Studio Version 16
VisualStudioVersion = 16.0.30517.126
MinimumVisualStudioVersion = 10.0.40219.1
Project("{FAE04EC0-301F-11D3-BF4B-00C04F79EFBC}") = "LinkedList", "LinkedList\LinkedList.csproj", "{BBA18BF2-C597-45AF-91DB-DB5E81071DDC}"
EndProject
Global
	GlobalSection(SolutionConfigurationPlatforms) = preSolution
		Debug|Any CPU = Debug|Any CPU
		Release|Any CPU = Release|Any CPU
	EndGlobalSection
	GlobalSection(ProjectConfigurationPlatforms) = postSolution
		{BBA18BF2-C597-45AF-91DB-DB5E81071DDC}.Debug|Any CPU.ActiveCfg = Debug|Any CPU
		{BBA18BF2-C597-45AF-91DB-DB5E81071DDC}.Debug|Any CPU.Build.0 = Debug|Any CPU
		{BBA18BF2-C597-45AF-91DB-DB5E81071DDC}.Release|Any CPU.ActiveCfg = Release|Any CPU
		{BBA18BF2-C597-45AF-91DB-DB5E81071DDC}.Release|Any CPU.Build.0 = Release|Any CPU
	EndGlobalSection
	GlobalSection(SolutionProperties) = preSolution
		HideSolutionNode = FALSE
	EndGlobalSection
	GlobalSection(ExtensibilityGlobals) = postSolution
		SolutionGuid = {77647285-1799-4DB8-8C2A-DAABED7013B1}
	EndGlobalSection
EndGlobal
